// !$*UTF8*$!
{
	archiveVersion = 1;
	classes = {
	};
	objectVersion = 51;
	objects = {

/* Begin PBXBuildFile section */
		2032CC69234943E000700A03 /* Constant.swift in Sources */ = {isa = PBXBuildFile; fileRef = 2032CC68234943E000700A03 /* Constant.swift */; };
		2071514223480F7100971FBC /* DrobblePin.swift in Sources */ = {isa = PBXBuildFile; fileRef = 2071514123480F7100971FBC /* DrobblePin.swift */; };
		207151442348341700971FBC /* PhotosCell.swift in Sources */ = {isa = PBXBuildFile; fileRef = 207151432348341700971FBC /* PhotosCell.swift */; };
		20A71C95234775EB00678EFF /* AppDelegate.swift in Sources */ = {isa = PBXBuildFile; fileRef = 20A71C94234775EB00678EFF /* AppDelegate.swift */; };
		20A71C97234775EB00678EFF /* MapVC.swift in Sources */ = {isa = PBXBuildFile; fileRef = 20A71C96234775EB00678EFF /* MapVC.swift */; };
		20A71C9A234775EB00678EFF /* Main.storyboard in Resources */ = {isa = PBXBuildFile; fileRef = 20A71C98234775EB00678EFF /* Main.storyboard */; };
		20A71C9C234775EE00678EFF /* Assets.xcassets in Resources */ = {isa = PBXBuildFile; fileRef = 20A71C9B234775EE00678EFF /* Assets.xcassets */; };
		20A71C9F234775EE00678EFF /* LaunchScreen.storyboard in Resources */ = {isa = PBXBuildFile; fileRef = 20A71C9D234775EE00678EFF /* LaunchScreen.storyboard */; };
		EE43071F0BFAF37CF2540C1C /* Pods_Pixel_City.framework in Frameworks */ = {isa = PBXBuildFile; fileRef = FE3AFB5B76D30C3AA042D2A3 /* Pods_Pixel_City.framework */; };
/* End PBXBuildFile section */

/* Begin PBXFileReference section */
		2032CC68234943E000700A03 /* Constant.swift */ = {isa = PBXFileReference; lastKnownFileType = sourcecode.swift; path = Constant.swift; sourceTree = "<group>"; };
		2071514123480F7100971FBC /* DrobblePin.swift */ = {isa = PBXFileReference; lastKnownFileType = sourcecode.swift; path = DrobblePin.swift; sourceTree = "<group>"; };
		207151432348341700971FBC /* PhotosCell.swift */ = {isa = PBXFileReference; lastKnownFileType = sourcecode.swift; path = PhotosCell.swift; sourceTree = "<group>"; };
		20A71C91234775EB00678EFF /* Pixel_City.app */ = {isa = PBXFileReference; explicitFileType = wrapper.application; includeInIndex = 0; path = Pixel_City.app; sourceTree = BUILT_PRODUCTS_DIR; };
		20A71C94234775EB00678EFF /* AppDelegate.swift */ = {isa = PBXFileReference; lastKnownFileType = sourcecode.swift; path = AppDelegate.swift; sourceTree = "<group>"; };
		20A71C96234775EB00678EFF /* MapVC.swift */ = {isa = PBXFileReference; lastKnownFileType = sourcecode.swift; path = MapVC.swift; sourceTree = "<group>"; };
		20A71C99234775EB00678EFF /* Base */ = {isa = PBXFileReference; lastKnownFileType = file.storyboard; name = Base; path = Base.lproj/Main.storyboard; sourceTree = "<group>"; };
		20A71C9B234775EE00678EFF /* Assets.xcassets */ = {isa = PBXFileReference; lastKnownFileType = folder.assetcatalog; path = Assets.xcassets; sourceTree = "<group>"; };
		20A71C9E234775EE00678EFF /* Base */ = {isa = PBXFileReference; lastKnownFileType = file.storyboard; name = Base; path = Base.lproj/LaunchScreen.storyboard; sourceTree = "<group>"; };
		20A71CA0234775EE00678EFF /* Info.plist */ = {isa = PBXFileReference; lastKnownFileType = text.plist.xml; path = Info.plist; sourceTree = "<group>"; };
		38D34BE925BE034C80C31104 /* Pods-Pixel_City.debug.xcconfig */ = {isa = PBXFileReference; includeInIndex = 1; lastKnownFileType = text.xcconfig; name = "Pods-Pixel_City.debug.xcconfig"; path = "Target Support Files/Pods-Pixel_City/Pods-Pixel_City.debug.xcconfig"; sourceTree = "<group>"; };
		986959B07CFE80352619E5F1 /* Pods-Pixel_City.release.xcconfig */ = {isa = PBXFileReference; includeInIndex = 1; lastKnownFileType = text.xcconfig; name = "Pods-Pixel_City.release.xcconfig"; path = "Target Support Files/Pods-Pixel_City/Pods-Pixel_City.release.xcconfig"; sourceTree = "<group>"; };
		FE3AFB5B76D30C3AA042D2A3 /* Pods_Pixel_City.framework */ = {isa = PBXFileReference; explicitFileType = wrapper.framework; includeInIndex = 0; path = Pods_Pixel_City.framework; sourceTree = BUILT_PRODUCTS_DIR; };
/* End PBXFileReference section */

/* Begin PBXFrameworksBuildPhase section */
		20A71C8E234775EB00678EFF /* Frameworks */ = {
			isa = PBXFrameworksBuildPhase;
			buildActionMask = 2147483647;
			files = (
				EE43071F0BFAF37CF2540C1C /* Pods_Pixel_City.framework in Frameworks */,
			);
			runOnlyForDeploymentPostprocessing = 0;
		};
/* End PBXFrameworksBuildPhase section */

/* Begin PBXGroup section */
		09B473E5514DE2126548FD59 /* Pods */ = {
			isa = PBXGroup;
			children = (
				38D34BE925BE034C80C31104 /* Pods-Pixel_City.debug.xcconfig */,
				986959B07CFE80352619E5F1 /* Pods-Pixel_City.release.xcconfig */,
			);
			path = Pods;
			sourceTree = "<group>";
		};
		2071513F23480F3F00971FBC /* Controller */ = {
			isa = PBXGroup;
			children = (
				20A71C96234775EB00678EFF /* MapVC.swift */,
			);
			path = Controller;
			sourceTree = "<group>";
		};
		2071514023480F6000971FBC /* View */ = {
			isa = PBXGroup;
			children = (
				2071514123480F7100971FBC /* DrobblePin.swift */,
				207151432348341700971FBC /* PhotosCell.swift */,
			);
			path = View;
			sourceTree = "<group>";
		};
		207151452348427400971FBC /* Services */ = {
			isa = PBXGroup;
			children = (
				2032CC68234943E000700A03 /* Constant.swift */,
			);
			path = Services;
			sourceTree = "<group>";
		};
		20A71C88234775EB00678EFF = {
			isa = PBXGroup;
			children = (
				20A71C93234775EB00678EFF /* Pixel_City */,
				20A71C92234775EB00678EFF /* Products */,
				09B473E5514DE2126548FD59 /* Pods */,
				AC9CD4ED7651ABED01B6FD46 /* Frameworks */,
			);
			sourceTree = "<group>";
		};
		20A71C92234775EB00678EFF /* Products */ = {
			isa = PBXGroup;
			children = (
				20A71C91234775EB00678EFF /* Pixel_City.app */,
			);
			name = Products;
			sourceTree = "<group>";
		};
		20A71C93234775EB00678EFF /* Pixel_City */ = {
			isa = PBXGroup;
			children = (
				207151452348427400971FBC /* Services */,
				2071514023480F6000971FBC /* View */,
				2071513F23480F3F00971FBC /* Controller */,
				20A71C94234775EB00678EFF /* AppDelegate.swift */,
				20A71C98234775EB00678EFF /* Main.storyboard */,
				20A71C9B234775EE00678EFF /* Assets.xcassets */,
				20A71C9D234775EE00678EFF /* LaunchScreen.storyboard */,
				20A71CA0234775EE00678EFF /* Info.plist */,
			);
			path = Pixel_City;
			sourceTree = "<group>";
		};
		AC9CD4ED7651ABED01B6FD46 /* Frameworks */ = {
			isa = PBXGroup;
			children = (
				FE3AFB5B76D30C3AA042D2A3 /* Pods_Pixel_City.framework */,
			);
			name = Frameworks;
			sourceTree = "<group>";
		};
/* End PBXGroup section */

/* Begin PBXNativeTarget section */
		20A71C90234775EB00678EFF /* Pixel_City */ = {
			isa = PBXNativeTarget;
			buildConfigurationList = 20A71CA3234775EE00678EFF /* Build configuration list for PBXNativeTarget "Pixel_City" */;
			buildPhases = (
				E5C4609CB85835A0AB0541E6 /* [CP] Check Pods Manifest.lock */,
				20A71C8D234775EB00678EFF /* Sources */,
				20A71C8E234775EB00678EFF /* Frameworks */,
				20A71C8F234775EB00678EFF /* Resources */,
				4500616C45C4EDFF5A33C730 /* [CP] Embed Pods Frameworks */,
			);
			buildRules = (
			);
			dependencies = (
			);
			name = Pixel_City;
			productName = Pixel_City;
			productReference = 20A71C91234775EB00678EFF /* Pixel_City.app */;
			productType = "com.apple.product-type.application";
		};
/* End PBXNativeTarget section */

/* Begin PBXProject section */
		20A71C89234775EB00678EFF /* Project object */ = {
			isa = PBXProject;
			attributes = {
				LastSwiftUpdateCheck = 1030;
				LastUpgradeCheck = 1030;
				ORGANIZATIONNAME = "Abdullah Gebreil";
				TargetAttributes = {
					20A71C90234775EB00678EFF = {
						CreatedOnToolsVersion = 10.3;
					};
				};
			};
			buildConfigurationList = 20A71C8C234775EB00678EFF /* Build configuration list for PBXProject "Pixel_City" */;
			compatibilityVersion = "Xcode 9.3";
			developmentRegion = en;
			hasScannedForEncodings = 0;
			knownRegions = (
				en,
				Base,
			);
			mainGroup = 20A71C88234775EB00678EFF;
			productRefGroup = 20A71C92234775EB00678EFF /* Products */;
			projectDirPath = "";
			projectRoot = "";
			targets = (
				20A71C90234775EB00678EFF /* Pixel_City */,
			);
		};
/* End PBXProject section */

/* Begin PBXResourcesBuildPhase section */
		20A71C8F234775EB00678EFF /* Resources */ = {
			isa = PBXResourcesBuildPhase;
			buildActionMask = 2147483647;
			files = (
				20A71C9F234775EE00678EFF /* LaunchScreen.storyboard in Resources */,
				20A71C9C234775EE00678EFF /* Assets.xcassets in Resources */,
				20A71C9A234775EB00678EFF /* Main.storyboard in Resources */,
			);
			runOnlyForDeploymentPostprocessing = 0;
		};
/* End PBXResourcesBuildPhase section */

/* Begin PBXShellScriptBuildPhase section */
		4500616C45C4EDFF5A33C730 /* [CP] Embed Pods Frameworks */ = {
			isa = PBXShellScriptBuildPhase;
			buildActionMask = 2147483647;
			files = (
			);
			inputFileListPaths = (
				"${PODS_ROOT}/Target Support Files/Pods-Pixel_City/Pods-Pixel_City-frameworks-${CONFIGURATION}-input-files.xcfilelist",
			);
			name = "[CP] Embed Pods Frameworks";
			outputFileListPaths = (
				"${PODS_ROOT}/Target Support Files/Pods-Pixel_City/Pods-Pixel_City-frameworks-${CONFIGURATION}-output-files.xcfilelist",
			);
			runOnlyForDeploymentPostprocessing = 0;
			shellPath = /bin/sh;
			shellScript = "\"${PODS_ROOT}/Target Support Files/Pods-Pixel_City/Pods-Pixel_City-frameworks.sh\"\n";
			showEnvVarsInLog = 0;
		};
		E5C4609CB85835A0AB0541E6 /* [CP] Check Pods Manifest.lock */ = {
			isa = PBXShellScriptBuildPhase;
			buildActionMask = 2147483647;
			files = (
			);
			inputFileListPaths = (
			);
			inputPaths = (
				"${PODS_PODFILE_DIR_PATH}/Podfile.lock",
				"${PODS_ROOT}/Manifest.lock",
			);
			name = "[CP] Check Pods Manifest.lock";
			outputFileListPaths = (
			);
			outputPaths = (
				"$(DERIVED_FILE_DIR)/Pods-Pixel_City-checkManifestLockResult.txt",
			);
			runOnlyForDeploymentPostprocessing = 0;
			shellPath = /bin/sh;
			shellScript = "diff \"${PODS_PODFILE_DIR_PATH}/Podfile.lock\" \"${PODS_ROOT}/Manifest.lock\" > /dev/null\nif [ $? != 0 ] ; then\n    # print error to STDERR\n    echo \"error: The sandbox is not in sync with the Podfile.lock. Run 'pod install' or update your CocoaPods installation.\" >&2\n    exit 1\nfi\n# This output is used by Xcode 'outputs' to avoid re-running this script phase.\necho \"SUCCESS\" > \"${SCRIPT_OUTPUT_FILE_0}\"\n";
			showEnvVarsInLog = 0;
		};
/* End PBXShellScriptBuildPhase section */

/* Begin PBXSourcesBuildPhase section */
		20A71C8D234775EB00678EFF /* Sources */ = {
			isa = PBXSourcesBuildPhase;
			buildActionMask = 2147483647;
			files = (
				207151442348341700971FBC /* PhotosCell.swift in Sources */,
				2071514223480F7100971FBC /* DrobblePin.swift in Sources */,
				20A71C97234775EB00678EFF /* MapVC.swift in Sources */,
				20A71C95234775EB00678EFF /* AppDelegate.swift in Sources */,
				2032CC69234943E000700A03 /* Constant.swift in Sources */,
			);
			runOnlyForDeploymentPostprocessing = 0;
		};
/* End PBXSourcesBuildPhase section */

/* Begin PBXVariantGroup section */
		20A71C98234775EB00678EFF /* Main.storyboard */ = {
			isa = PBXVariantGroup;
			children = (
				20A71C99234775EB00678EFF /* Base */,
			);
			name = Main.storyboard;
			sourceTree = "<group>";
		};
		20A71C9D234775EE00678EFF /* LaunchScreen.storyboard */ = {
			isa = PBXVariantGroup;
			children = (
				20A71C9E234775EE00678EFF /* Base */,
			);
			name = LaunchScreen.storyboard;
			sourceTree = "<group>";
		};
/* End PBXVariantGroup section */

/* Begin XCBuildConfiguration section */
		20A71CA1234775EE00678EFF /* Debug */ = {
			isa = XCBuildConfiguration;
			buildSettings = {
				ALWAYS_SEARCH_USER_PATHS = NO;
				CLANG_ANALYZER_NONNULL = YES;
				CLANG_ANALYZER_NUMBER_OBJECT_CONVERSION = YES_AGGRESSIVE;
				CLANG_CXX_LANGUAGE_STANDARD = "gnu++14";
				CLANG_CXX_LIBRARY = "libc++";
				CLANG_ENABLE_MODULES = YES;
				CLANG_ENABLE_OBJC_ARC = YES;
				CLANG_ENABLE_OBJC_WEAK = YES;
				CLANG_WARN_BLOCK_CAPTURE_AUTORELEASING = YES;
				CLANG_WARN_BOOL_CONVERSION = YES;
				CLANG_WARN_COMMA = YES;
				CLANG_WARN_CONSTANT_CONVERSION = YES;
				CLANG_WARN_DEPRECATED_OBJC_IMPLEMENTATIONS = YES;
				CLANG_WARN_DIRECT_OBJC_ISA_USAGE = YES_ERROR;
				CLANG_WARN_DOCUMENTATION_COMMENTS = YES;
				CLANG_WARN_EMPTY_BODY = YES;
				CLANG_WARN_ENUM_CONVERSION = YES;
				CLANG_WARN_INFINITE_RECURSION = YES;
				CLANG_WARN_INT_CONVERSION = YES;
				CLANG_WARN_NON_LITERAL_NULL_CONVERSION = YES;
				CLANG_WARN_OBJC_IMPLICIT_RETAIN_SELF = YES;
				CLANG_WARN_OBJC_LITERAL_CONVERSION = YES;
				CLANG_WARN_OBJC_ROOT_CLASS = YES_ERROR;
				CLANG_WARN_RANGE_LOOP_ANALYSIS = YES;
				CLANG_WARN_STRICT_PROTOTYPES = YES;
				CLANG_WARN_SUSPICIOUS_MOVE = YES;
				CLANG_WARN_UNGUARDED_AVAILABILITY = YES_AGGRESSIVE;
				CLANG_WARN_UNREACHABLE_CODE = YES;
				CLANG_WARN__DUPLICATE_METHOD_MATCH = YES;
				CODE_SIGN_IDENTITY = "iPhone Developer";
				COPY_PHASE_STRIP = NO;
				DEBUG_INFORMATION_FORMAT = dwarf;
				ENABLE_STRICT_OBJC_MSGSEND = YES;
				ENABLE_TESTABILITY = YES;
				GCC_C_LANGUAGE_STANDARD = gnu11;
				GCC_DYNAMIC_NO_PIC = NO;
				GCC_NO_COMMON_BLOCKS = YES;
				GCC_OPTIMIZATION_LEVEL = 0;
				GCC_PREPROCESSOR_DEFINITIONS = (
					"DEBUG=1",
					"$(inherited)",
				);
				GCC_WARN_64_TO_32_BIT_CONVERSION = YES;
				GCC_WARN_ABOUT_RETURN_TYPE = YES_ERROR;
				GCC_WARN_UNDECLARED_SELECTOR = YES;
				GCC_WARN_UNINITIALIZED_AUTOS = YES_AGGRESSIVE;
				GCC_WARN_UNUSED_FUNCTION = YES;
				GCC_WARN_UNUSED_VARIABLE = YES;
				IPHONEOS_DEPLOYMENT_TARGET = 12.4;
				MTL_ENABLE_DEBUG_INFO = INCLUDE_SOURCE;
				MTL_FAST_MATH = YES;
				ONLY_ACTIVE_ARCH = YES;
				SDKROOT = iphoneos;
				SWIFT_ACTIVE_COMPILATION_CONDITIONS = DEBUG;
				SWIFT_OPTIMIZATION_LEVEL = "-Onone";
			};
			name = Debug;
		};
		20A71CA2234775EE00678EFF /* Release */ = {
			isa = XCBuildConfiguration;
			buildSettings = {
				ALWAYS_SEARCH_USER_PATHS = NO;
				CLANG_ANALYZER_NONNULL = YES;
				CLANG_ANALYZER_NUMBER_OBJECT_CONVERSION = YES_AGGRESSIVE;
				CLANG_CXX_LANGUAGE_STANDARD = "gnu++14";
				CLANG_CXX_LIBRARY = "libc++";
				CLANG_ENABLE_MODULES = YES;
				CLANG_ENABLE_OBJC_ARC = YES;
				CLANG_ENABLE_OBJC_WEAK = YES;
				CLANG_WARN_BLOCK_CAPTURE_AUTORELEASING = YES;
				CLANG_WARN_BOOL_CONVERSION = YES;
				CLANG_WARN_COMMA = YES;
				CLANG_WARN_CONSTANT_CONVERSION = YES;
				CLANG_WARN_DEPRECATED_OBJC_IMPLEMENTATIONS = YES;
				CLANG_WARN_DIRECT_OBJC_ISA_USAGE = YES_ERROR;
				CLANG_WARN_DOCUMENTATION_COMMENTS = YES;
				CLANG_WARN_EMPTY_BODY = YES;
				CLANG_WARN_ENUM_CONVERSION = YES;
				CLANG_WARN_INFINITE_RECURSION = YES;
				CLANG_WARN_INT_CONVERSION = YES;
				CLANG_WARN_NON_LITERAL_NULL_CONVERSION = YES;
				CLANG_WARN_OBJC_IMPLICIT_RETAIN_SELF = YES;
				CLANG_WARN_OBJC_LITERAL_CONVERSION = YES;
				CLANG_WARN_OBJC_ROOT_CLASS = YES_ERROR;
				CLANG_WARN_RANGE_LOOP_ANALYSIS = YES;
				CLANG_WARN_STRICT_PROTOTYPES = YES;
				CLANG_WARN_SUSPICIOUS_MOVE = YES;
				CLANG_WARN_UNGUARDED_AVAILABILITY = YES_AGGRESSIVE;
				CLANG_WARN_UNREACHABLE_CODE = YES;
				CLANG_WARN__DUPLICATE_METHOD_MATCH = YES;
				CODE_SIGN_IDENTITY = "iPhone Developer";
				COPY_PHASE_STRIP = NO;
				DEBUG_INFORMATION_FORMAT = "dwarf-with-dsym";
				ENABLE_NS_ASSERTIONS = NO;
				ENABLE_STRICT_OBJC_MSGSEND = YES;
				GCC_C_LANGUAGE_STANDARD = gnu11;
				GCC_NO_COMMON_BLOCKS = YES;
				GCC_WARN_64_TO_32_BIT_CONVERSION = YES;
				GCC_WARN_ABOUT_RETURN_TYPE = YES_ERROR;
				GCC_WARN_UNDECLARED_SELECTOR = YES;
				GCC_WARN_UNINITIALIZED_AUTOS = YES_AGGRESSIVE;
				GCC_WARN_UNUSED_FUNCTION = YES;
				GCC_WARN_UNUSED_VARIABLE = YES;
				IPHONEOS_DEPLOYMENT_TARGET = 12.4;
				MTL_ENABLE_DEBUG_INFO = NO;
				MTL_FAST_MATH = YES;
				SDKROOT = iphoneos;
				SWIFT_COMPILATION_MODE = wholemodule;
				SWIFT_OPTIMIZATION_LEVEL = "-O";
				VALIDATE_PRODUCT = YES;
			};
			name = Release;
		};
		20A71CA4234775EE00678EFF /* Debug */ = {
			isa = XCBuildConfiguration;
			baseConfigurationReference = 38D34BE925BE034C80C31104 /* Pods-Pixel_City.debug.xcconfig */;
			buildSettings = {
				ASSETCATALOG_COMPILER_APPICON_NAME = AppIcon;
				CODE_SIGN_STYLE = Automatic;
				DEVELOPMENT_TEAM = 55P92HV62F;
				INFOPLIST_FILE = Pixel_City/Info.plist;
				LD_RUNPATH_SEARCH_PATHS = (
					"$(inherited)",
					"@executable_path/Frameworks",
				);
				PRODUCT_BUNDLE_IDENTIFIER = "AbdullahGebreil.Pixel-City";
				PRODUCT_NAME = "$(TARGET_NAME)";
				SWIFT_VERSION = 5.0;
				TARGETED_DEVICE_FAMILY = "1,2";
			};
			name = Debug;
		};
		20A71CA5234775EE00678EFF /* Release */ = {
			isa = XCBuildConfiguration;
			baseConfigurationReference = 986959B07CFE80352619E5F1 /* Pods-Pixel_City.release.xcconfig */;
			buildSettings = {
				ASSETCATALOG_COMPILER_APPICON_NAME = AppIcon;
				CODE_SIGN_STYLE = Automatic;
				DEVELOPMENT_TEAM = 55P92HV62F;
				INFOPLIST_FILE = Pixel_City/Info.plist;
				LD_RUNPATH_SEARCH_PATHS = (
					"$(inherited)",
					"@executable_path/Frameworks",
				);
				PRODUCT_BUNDLE_IDENTIFIER = "AbdullahGebreil.Pixel-City";
				PRODUCT_NAME = "$(TARGET_NAME)";
				SWIFT_VERSION = 5.0;
				TARGETED_DEVICE_FAMILY = "1,2";
			};
			name = Release;
		};
/* End XCBuildConfiguration section */

/* Begin XCConfigurationList section */
		20A71C8C234775EB00678EFF /* Build configuration list for PBXProject "Pixel_City" */ = {
			isa = XCConfigurationList;
			buildConfigurations = (
				20A71CA1234775EE00678EFF /* Debug */,
				20A71CA2234775EE00678EFF /* Release */,
			);
			defaultConfigurationIsVisible = 0;
			defaultConfigurationName = Release;
		};
		20A71CA3234775EE00678EFF /* Build configuration list for PBXNativeTarget "Pixel_City" */ = {
			isa = XCConfigurationList;
			buildConfigurations = (
				20A71CA4234775EE00678EFF /* Debug */,
				20A71CA5234775EE00678EFF /* Release */,
			);
			defaultConfigurationIsVisible = 0;
			defaultConfigurationName = Release;
		};
/* End XCConfigurationList section */
	};
	rootObject = 20A71C89234775EB00678EFF /* Project object */;
}
